<?xml version="1.0" encoding="utf-8"?>
<Project ToolsVersion="4.0" xmlns="http://schemas.microsoft.com/developer/msbuild/2003">
  <ItemGroup>
    <Filter Include="Source Files">
      <UniqueIdentifier>{4FC737F1-C7A5-4376-A066-2A32D752A2FF}</UniqueIdentifier>
      <Extensions>cpp;c;cc;cxx;def;odl;idl;hpj;bat;asm;asmx</Extensions>
    </Filter>
    <Filter Include="Header Files">
      <UniqueIdentifier>{93995380-89BD-4b04-88EB-625FBE52EBFB}</UniqueIdentifier>
      <Extensions>h;hh;hpp;hxx;hm;inl;inc;xsd</Extensions>
    </Filter>
    <Filter Include="Resource Files">
      <UniqueIdentifier>{67DA6AB6-F800-4c08-8B7A-83BB121AAD01}</UniqueIdentifier>
      <Extensions>qrc;rc;ico;cur;bmp;dlg;rc2;rct;bin;rgs;gif;jpg;jpeg;jpe;resx;tiff;tif;png;wav;mfcribbon-ms</Extensions>
    </Filter>
    <Filter Include="Form Files">
      <UniqueIdentifier>{99349809-55BA-4b9d-BF79-8FDBB0286EB3}</UniqueIdentifier>
      <Extensions>ui</Extensions>
    </Filter>
    <Filter Include="Translation Files">
      <UniqueIdentifier>{639EADAA-A684-42e4-A9AD-28FC9BCB8F7C}</UniqueIdentifier>
      <Extensions>ts</Extensions>
    </Filter>
  </ItemGroup>
  <ItemGroup>
    <ClCompile Include="main.cpp">
      <Filter>Source Files</Filter>
    </ClCompile>
    <ClCompile Include="GUI\MultipleLineEditLayout.cpp">
      <Filter>Source Files</Filter>
    </ClCompile>
    <ClCompile Include="GUI\CellMarkerTreeWidget.cpp">
      <Filter>Source Files</Filter>
    </ClCompile>
    <ClCompile Include="GUI\CommonDialog.cpp">
      <Filter>Source Files</Filter>
    </ClCompile>
    <ClCompile Include="GUI\EmbeddingViewWindow.cpp">
      <Filter>Source Files</Filter>
    </ClCompile>
    <ClCompile Include="GUI\FactorChoiceLayout.cpp">
      <Filter>Source Files</Filter>
    </ClCompile>
    <ClCompile Include="GUI\GraphSettingDialog.cpp">
      <Filter>Source Files</Filter>
    </ClCompile>
    <ClCompile Include="GUI\InformationTextBrowser.cpp">
      <Filter>Source Files</Filter>
    </ClCompile>
    <ClCompile Include="GUI\LogicGroup.cpp">
      <Filter>Source Files</Filter>
    </ClCompile>
    <ClCompile Include="GUI\LogicLayout.cpp">
      <Filter>Source Files</Filter>
    </ClCompile>
    <ClCompile Include="GUI\MarkerGeneWindow.cpp">
      <Filter>Source Files</Filter>
    </ClCompile>
    <ClCompile Include="GUI\MatrixWindow.cpp">
      <Filter>Source Files</Filter>
    </ClCompile>
    <ClCompile Include="GUI\MetadataViewWindow.cpp">
      <Filter>Source Files</Filter>
    </ClCompile>
    <ClCompile Include="GUI\PlotWindow.cpp">
      <Filter>Source Files</Filter>
    </ClCompile>
    <ClCompile Include="GUI\SimpleChoiceLayout.cpp">
      <Filter>Source Files</Filter>
    </ClCompile>
    <ClCompile Include="GUI\SubLogicLayout.cpp">
      <Filter>Source Files</Filter>
    </ClCompile>
    <ClCompile Include="GUI\Switch.cpp">
      <Filter>Source Files</Filter>
    </ClCompile>
    <ClCompile Include="GUI\VariableTreeWidget.cpp">
      <Filter>Source Files</Filter>
    </ClCompile>
    <ClCompile Include="GUI\YesOrNoDialog.cpp">
      <Filter>Source Files</Filter>
    </ClCompile>
    <ClCompile Include="Item\CellChatItem.cpp">
      <Filter>Source Files</Filter>
    </ClCompile>
    <ClCompile Include="Item\CNVItem.cpp">
      <Filter>Source Files</Filter>
    </ClCompile>
    <ClCompile Include="Item\DataFrameItem.cpp">
      <Filter>Source Files</Filter>
    </ClCompile>
    <ClCompile Include="Item\EmbeddingItem.cpp">
      <Filter>Source Files</Filter>
    </ClCompile>
    <ClCompile Include="Item\EnrichmentItem.cpp">
      <Filter>Source Files</Filter>
    </ClCompile>
    <ClCompile Include="Item\GSEAItem.cpp">
      <Filter>Source Files</Filter>
    </ClCompile>
    <ClCompile Include="Item\MetadataItem.cpp">
      <Filter>Source Files</Filter>
    </ClCompile>
    <ClCompile Include="Item\SingleCellRnaItem.cpp">
      <Filter>Source Files</Filter>
    </ClCompile>
    <ClCompile Include="Item\SparseDoubleItem.cpp">
      <Filter>Source Files</Filter>
    </ClCompile>
    <ClCompile Include="Item\SparseIntItem.cpp">
      <Filter>Source Files</Filter>
    </ClCompile>
    <ClCompile Include="Math\Nls.cpp">
      <Filter>Source Files</Filter>
    </ClCompile>
    <ClCompile Include="Math\Phyper.cpp">
      <Filter>Source Files</Filter>
    </ClCompile>
    <ClCompile Include="Math\TruncatedSvd.cpp">
      <Filter>Source Files</Filter>
    </ClCompile>
    <ClCompile Include="Math\Umap.cpp">
      <Filter>Source Files</Filter>
    </ClCompile>
    <ClCompile Include="Math\WilcoxTest.cpp">
      <Filter>Source Files</Filter>
    </ClCompile>
    <ClCompile Include="Utility\CustomMatrix.cpp">
      <Filter>Source Files</Filter>
    </ClCompile>
    <ClCompile Include="Utility\CustomPlot.cpp">
      <Filter>Source Files</Filter>
    </ClCompile>
    <ClCompile Include="Utility\FileIO.cpp">
      <Filter>Source Files</Filter>
    </ClCompile>
    <ClCompile Include="Utility\GraphSettings.cpp">
      <Filter>Source Files</Filter>
    </ClCompile>
    <ClCompile Include="Variable\CellChat.cpp">
      <Filter>Source Files</Filter>
    </ClCompile>
    <ClCompile Include="Variable\CNV.cpp">
      <Filter>Source Files</Filter>
    </ClCompile>
    <ClCompile Include="Variable\DataFrame.cpp">
      <Filter>Source Files</Filter>
    </ClCompile>
    <ClCompile Include="Variable\DenseDouble.cpp">
      <Filter>Source Files</Filter>
    </ClCompile>
    <ClCompile Include="Variable\Embedding.cpp">
      <Filter>Source Files</Filter>
    </ClCompile>
    <ClCompile Include="Variable\Enrichment.cpp">
      <Filter>Source Files</Filter>
    </ClCompile>
    <ClCompile Include="Variable\GSEA.cpp">
      <Filter>Source Files</Filter>
    </ClCompile>
    <ClCompile Include="Variable\Metadata.cpp">
      <Filter>Source Files</Filter>
    </ClCompile>
    <ClCompile Include="Variable\SingleCellRna.cpp">
      <Filter>Source Files</Filter>
    </ClCompile>
    <ClCompile Include="Variable\SparseDouble.cpp">
      <Filter>Source Files</Filter>
    </ClCompile>
    <ClCompile Include="Variable\SparseInt.cpp">
      <Filter>Source Files</Filter>
    </ClCompile>
    <ClCompile Include="Worker\CellChatWorker.cpp">
      <Filter>Source Files</Filter>
    </ClCompile>
    <ClCompile Include="Worker\CountMatrixReadingWorker.cpp">
      <Filter>Source Files</Filter>
    </ClCompile>
    <ClCompile Include="Worker\EnrichWorker.cpp">
      <Filter>Source Files</Filter>
    </ClCompile>
    <ClCompile Include="Worker\TableReadingWorker.cpp">
      <Filter>Source Files</Filter>
    </ClCompile>
    <ClCompile Include="Worker\FileWritingWorker.cpp">
      <Filter>Source Files</Filter>
    </ClCompile>
    <ClCompile Include="Worker\DifferentialAnalysisWorker.cpp">
      <Filter>Source Files</Filter>
    </ClCompile>
    <ClCompile Include="Worker\GseaWorker.cpp">
      <Filter>Source Files</Filter>
    </ClCompile>
    <ClCompile Include="Worker\HarmonyWorker.cpp">
      <Filter>Source Files</Filter>
    </ClCompile>
    <ClCompile Include="Worker\IntegrateWorker.cpp">
      <Filter>Source Files</Filter>
    </ClCompile>
    <ClCompile Include="Worker\ItemIOWorker.cpp">
      <Filter>Source Files</Filter>
    </ClCompile>
    <ClCompile Include="Worker\LogNormalizeWorker.cpp">
      <Filter>Source Files</Filter>
    </ClCompile>
    <ClCompile Include="Worker\Read10xRnaWorker.cpp">
      <Filter>Source Files</Filter>
    </ClCompile>
    <ClCompile Include="Worker\ScicnvWorker.cpp">
      <Filter>Source Files</Filter>
    </ClCompile>
    <ClCompile Include="Worker\ScrubletWorker.cpp">
      <Filter>Source Files</Filter>
    </ClCompile>
    <ClCompile Include="Worker\PcaWorker.cpp">
      <Filter>Source Files</Filter>
    </ClCompile>
    <ClCompile Include="Worker\UmapWorker.cpp">
      <Filter>Source Files</Filter>
    </ClCompile>
    <ClCompile Include="GUI\EnrichmentGroupLayout.cpp">
      <Filter>Source Files</Filter>
    </ClCompile>
    <ClCompile Include="GUI\ChooseMultiFileLayout.cpp">
      <Filter>Source Files</Filter>
    </ClCompile>
    <ClCompile Include="GUI\EnrichmentMultiGroupPlotDialog.cpp">
      <Filter>Source Files</Filter>
    </ClCompile>
    <ClCompile Include="GUI\PageWindow.cpp">
      <Filter>Source Files</Filter>
    </ClCompile>
    <ClCompile Include="GUI\MessageDialog.cpp">
      <Filter>Source Files</Filter>
    </ClCompile>
    <ClCompile Include="Math\Poisson.cpp">
      <Filter>Source Files</Filter>
    </ClCompile>
    <ClCompile Include="Variable\GenomicRange.cpp">
      <Filter>Source Files</Filter>
    </ClCompile>
    <ClCompile Include="Variable\IRange.cpp">
      <Filter>Source Files</Filter>
    </ClCompile>
    <ClCompile Include="Variable\RunLengthEncoding.cpp">
      <Filter>Source Files</Filter>
    </ClCompile>
    <ClCompile Include="Variable\SeqInfo.cpp">
      <Filter>Source Files</Filter>
    </ClCompile>
    <ClCompile Include="Variable\SingleCellMultiome.cpp">
      <Filter>Source Files</Filter>
    </ClCompile>
    <ClCompile Include="Worker\MacsCallPeakWorker.cpp">
      <Filter>Source Files</Filter>
    </ClCompile>
    <ClCompile Include="Worker\Read10xRnaAndAtacWorker.cpp">
      <Filter>Source Files</Filter>
    </ClCompile>
    <ClCompile Include="GUI\PlotsSuite.cpp">
      <Filter>Source Files</Filter>
    </ClCompile>
    <ClCompile Include="Item\DataFieldItem.cpp">
      <Filter>Source Files</Filter>
    </ClCompile>
    <ClCompile Include="Item\SingleCellMultiomeItem.cpp">
      <Filter>Source Files</Filter>
    </ClCompile>
    <ClCompile Include="GUI\MainWindow.cpp">
      <Filter>Source Files</Filter>
    </ClCompile>
    <ClCompile Include="GUI\FactorChoiceWithLineEditLayout.cpp">
      <Filter>Source Files</Filter>
    </ClCompile>
    <ClCompile Include="GUI\FactorDoubleLineEditWithCompleterLayout.cpp">
      <Filter>Source Files</Filter>
    </ClCompile>
    <ClCompile Include="GUI\MultipleDoubleLineEditWithCompleterLayout.cpp">
      <Filter>Source Files</Filter>
    </ClCompile>
    <ClCompile Include="Utility\SignalEmitter.cpp">
      <Filter>Source Files</Filter>
    </ClCompile>
    <ClCompile Include="GUI\SimpleChoiceWithLineEditAndColorChoiceLayout.cpp">
      <Filter>Source Files</Filter>
    </ClCompile>
    <ClCompile Include="GUI\SimpleChoiceWithLineEditLayout.cpp">
      <Filter>Source Files</Filter>
    </ClCompile>
    <ClCompile Include="Item\GenomicRangeItem.cpp">
      <Filter>Source Files</Filter>
    </ClCompile>
    <ClCompile Include="Item\VariableItem.cpp">
      <Filter>Source Files</Filter>
    </ClCompile>
    <ClCompile Include="Worker\CalculateCountsByGenomicRangeWorker.cpp">
      <Filter>Source Files</Filter>
    </ClCompile>
    <ClCompile Include="Utility\TwoBitFileProcessor.cpp">
      <Filter>Source Files</Filter>
    </ClCompile>
    <ClCompile Include="Worker\MotifLocateWorker.cpp">
      <Filter>Source Files</Filter>
    </ClCompile>
    <ClCompile Include="Variable\PatternWeightMatrix.cpp">
      <Filter>Source Files</Filter>
    </ClCompile>
    <ClCompile Include="Library\MOODS\match_types.cpp">
      <Filter>Source Files</Filter>
    </ClCompile>
    <ClCompile Include="Library\MOODS\moods_misc.cpp">
      <Filter>Source Files</Filter>
    </ClCompile>
    <ClCompile Include="Library\MOODS\moods_parsers.cpp">
      <Filter>Source Files</Filter>
    </ClCompile>
    <ClCompile Include="Library\MOODS\moods_scan.cpp">
      <Filter>Source Files</Filter>
    </ClCompile>
    <ClCompile Include="Library\MOODS\moods_tools.cpp">
      <Filter>Source Files</Filter>
    </ClCompile>
    <ClCompile Include="Library\MOODS\motif_0.cpp">
      <Filter>Source Files</Filter>
    </ClCompile>
    <ClCompile Include="Library\MOODS\motif_h.cpp">
      <Filter>Source Files</Filter>
    </ClCompile>
    <ClCompile Include="Library\MOODS\scanner.cpp">
      <Filter>Source Files</Filter>
    </ClCompile>
    <ClCompile Include="Library\MOODS\moods_interface.cpp">
      <Filter>Source Files</Filter>
    </ClCompile>
    <ClCompile Include="Variable\MotifPosition.cpp">
      <Filter>Source Files</Filter>
    </ClCompile>
    <ClCompile Include="Item\MotifPositionItem.cpp">
      <Filter>Source Files</Filter>
    </ClCompile>
    <ClCompile Include="Item\FootprintItem.cpp">
      <Filter>Source Files</Filter>
    </ClCompile>
    <ClCompile Include="Utility\GenomeUtility.cpp">
      <Filter>Source Files</Filter>
    </ClCompile>
    <ClCompile Include="Variable\DenseInt.cpp">
      <Filter>Source Files</Filter>
    </ClCompile>
    <ClCompile Include="Variable\Footprint.cpp">
      <Filter>Source Files</Filter>
    </ClCompile>
    <ClCompile Include="Worker\TranscriptionalFactorFootprintingWorker.cpp">
      <Filter>Source Files</Filter>
    </ClCompile>
    <ClCompile Include="Worker\CoveragePlotWorker.cpp">
      <Filter>Source Files</Filter>
    </ClCompile>
    <ClCompile Include="Variable\CoverageTrack.cpp">
      <Filter>Source Files</Filter>
    </ClCompile>
    <ClCompile Include="Item\CoverageTrackItem.cpp">
      <Filter>Source Files</Filter>
    </ClCompile>
    <ClCompile Include="Worker\CreateCoverageTrackWorker.cpp">
      <Filter>Source Files</Filter>
    </ClCompile>
    <ClCompile Include="GUI\CoverageTrackWindow.cpp">
      <Filter>Source Files</Filter>
    </ClCompile>
    <ClCompile Include="Math\SLM\VOSClusteringTechnique.cpp">
      <Filter>Source Files</Filter>
    </ClCompile>
    <ClCompile Include="Math\SLM\NetWork.cpp">
      <Filter>Source Files</Filter>
    </ClCompile>
    <ClCompile Include="Math\SLM\Clustering.cpp">
      <Filter>Source Files</Filter>
    </ClCompile>
    <ClCompile Include="Worker\SlmWorker.cpp">
      <Filter>Source Files</Filter>
    </ClCompile>
    <ClCompile Include="Variable\SparseVector.cpp">
      <Filter>Source Files</Filter>
    </ClCompile>
    <ClCompile Include="Variable\Fragments.cpp">
      <Filter>Source Files</Filter>
    </ClCompile>
    <ClCompile Include="Item\FragmentsItem.cpp">
      <Filter>Source Files</Filter>
    </ClCompile>
    <ClCompile Include="Worker\LoadFragmentsWorker.cpp">
      <Filter>Source Files</Filter>
    </ClCompile>
    <ClCompile Include="Worker\FragmentsQualityViewWorker.cpp">
      <Filter>Source Files</Filter>
    </ClCompile>
    <ClCompile Include="Worker\LeidenPartitionWorker.cpp">
      <Filter>Source Files</Filter>
    </ClCompile>
    <ClCompile Include="Worker\TssPlotWorker.cpp">
      <Filter>Source Files</Filter>
    </ClCompile>
    <ClCompile Include="Utility\CustomFunctions.cpp">
      <Filter>Source Files</Filter>
    </ClCompile>
    <ClCompile Include="GUI\MultiLineEditWithColorChoiceLayout.cpp">
      <Filter>Source Files</Filter>
    </ClCompile>
    <ClCompile Include="GUI\PaletteSettingDialog.cpp">
      <Filter>Source Files</Filter>
    </ClCompile>
    <ClCompile Include="GUI\StatisticsDialog.cpp">
      <Filter>Source Files</Filter>
    </ClCompile>
    <ClCompile Include="Library\leiden\CPMVertexPartition.cpp">
      <Filter>Source Files</Filter>
    </ClCompile>
    <ClCompile Include="Library\leiden\GraphHelper.cpp">
      <Filter>Source Files</Filter>
    </ClCompile>
    <ClCompile Include="Library\leiden\LinearResolutionParameterVertexPartition.cpp">
      <Filter>Source Files</Filter>
    </ClCompile>
    <ClCompile Include="Library\leiden\ModularityVertexPartition.cpp">
      <Filter>Source Files</Filter>
    </ClCompile>
    <ClCompile Include="Library\leiden\MutableVertexPartition.cpp">
      <Filter>Source Files</Filter>
    </ClCompile>
    <ClCompile Include="Library\leiden\Optimiser.cpp">
      <Filter>Source Files</Filter>
    </ClCompile>
    <ClCompile Include="Library\leiden\RBConfigurationVertexPartition.cpp">
      <Filter>Source Files</Filter>
    </ClCompile>
    <ClCompile Include="Library\leiden\RBERVertexPartition.cpp">
      <Filter>Source Files</Filter>
    </ClCompile>
    <ClCompile Include="Library\leiden\ResolutionParameterVertexPartition.cpp">
      <Filter>Source Files</Filter>
    </ClCompile>
    <ClCompile Include="Library\leiden\SignificanceVertexPartition.cpp">
      <Filter>Source Files</Filter>
    </ClCompile>
    <ClCompile Include="Library\leiden\SurpriseVertexPartition.cpp">
      <Filter>Source Files</Filter>
    </ClCompile>
    <ClCompile Include="Utility\IndexTree.cpp">
      <Filter>Source Files</Filter>
    </ClCompile>
    <ClCompile Include="Worker\CalculateGeneActivityWorker.cpp">
      <Filter>Source Files</Filter>
    </ClCompile>
    <ClCompile Include="Worker\VelocytoWorker.cpp">
      <Filter>Source Files</Filter>
    </ClCompile>
    <ClCompile Include="Variable\TranscriptModel.cpp">
      <Filter>Source Files</Filter>
    </ClCompile>
    <ClCompile Include="Utility\BamFileProcessor.cpp">
      <Filter>Source Files</Filter>
    </ClCompile>
    <ClCompile Include="Variable\VelocytoBase.cpp">
      <Filter>Source Files</Filter>
    </ClCompile>
    <ClCompile Include="Item\VelocytoBaseItem.cpp">
      <Filter>Source Files</Filter>
    </ClCompile>
    <ClCompile Include="Worker\ScveloWorker.cpp">
      <Filter>Source Files</Filter>
    </ClCompile>
    <ClCompile Include="Worker\VelocytoDownstreamWorker.cpp">
      <Filter>Source Files</Filter>
    </ClCompile>
    <ClCompile Include="Variable\VelocityEstimate.cpp">
      <Filter>Source Files</Filter>
    </ClCompile>
    <ClCompile Include="Worker\ShowEmbeddingVelocityWorker.cpp">
      <Filter>Source Files</Filter>
    </ClCompile>
    <ClCompile Include="Item\VelocityEstimateItem.cpp">
      <Filter>Source Files</Filter>
    </ClCompile>
    <ClCompile Include="Library\qcustomplot.cpp">
      <Filter>Source Files</Filter>
    </ClCompile>
    <ClCompile Include="Variable\ScveloEstimate.cpp">
      <Filter>Source Files</Filter>
    </ClCompile>
    <ClCompile Include="Worker\ShowEmbeddingScveloWorker.cpp">
      <Filter>Source Files</Filter>
    </ClCompile>
    <ClCompile Include="Item\ScveloEstimateItem.cpp">
      <Filter>Source Files</Filter>
    </ClCompile>
    <ClCompile Include="Utility\StreamPlot.cpp">
      <Filter>Source Files</Filter>
    </ClCompile>
    <ClCompile Include="Worker\TfidfWorker.cpp">
      <Filter>Source Files</Filter>
    </ClCompile>
    <ClCompile Include="Worker\SvdWorker.cpp">
      <Filter>Source Files</Filter>
    </ClCompile>
    <ClCompile Include="Worker\InferCnvWorker.cpp">
      <Filter>Source Files</Filter>
    </ClCompile>
    <ClCompile Include="GUI\MultipleLineEditWithCompleterLayout.cpp">
      <Filter>Source Files</Filter>
    </ClCompile>
    <ClCompile Include="Item\NoteItem.cpp">
      <Filter>Source Files</Filter>
    </ClCompile>
    <ClCompile Include="GUI\TextEditWindow.cpp">
      <Filter>Source Files</Filter>
    </ClCompile>
    <ClCompile Include="GUI\MultiCheckBoxLayout.cpp">
      <Filter>Source Files</Filter>
    </ClCompile>
    <ClCompile Include="Variable\StringVector.cpp">
      <Filter>Source Files</Filter>
    </ClCompile>
    <ClCompile Include="Item\StringVectorItem.cpp">
      <Filter>Source Files</Filter>
    </ClCompile>
    <ClCompile Include="Math\SignRank.cpp">
      <Filter>Source Files</Filter>
    </ClCompile>
    <ClCompile Include="Math\pval.cpp">
      <Filter>Source Files</Filter>
    </ClCompile>
    <ClCompile Include="Variable\GeneName.cpp">
      <Filter>Source Files</Filter>
    </ClCompile>
    <ClCompile Include="Item\GeneNameItem.cpp">
      <Filter>Source Files</Filter>
    </ClCompile>
    <ClCompile Include="GUI\CompareLayout.cpp">
      <Filter>Source Files</Filter>
    </ClCompile>
    <ClCompile Include="Variable\DataField.cpp">
      <Filter>Source Files</Filter>
    </ClCompile>
    <ClCompile Include="Math\TSNE\SPTree.cpp">
      <Filter>Source Files</Filter>
    </ClCompile>
    <ClCompile Include="Math\TSNE\Tsne.cpp">
      <Filter>Source Files</Filter>
    </ClCompile>
    <ClCompile Include="Worker\TsneWorker.cpp">
      <Filter>Source Files</Filter>
    </ClCompile>
    <ClCompile Include="Worker\PandoWorker.cpp">
      <Filter>Source Files</Filter>
    </ClCompile>
    <ClCompile Include="Variable\Pando.cpp">
      <Filter>Source Files</Filter>
    </ClCompile>
    <ClCompile Include="Item\PandoItem.cpp">
      <Filter>Source Files</Filter>
    </ClCompile>
    <ClCompile Include="Variable\DifferentialAnalysis.cpp">
      <Filter>Source Files</Filter>
    </ClCompile>
    <ClCompile Include="Item\DifferentialAnalysisItem.cpp">
      <Filter>Source Files</Filter>
    </ClCompile>
    <ClCompile Include="Utility\CustomPlotPatch.cpp">
      <Filter>Source Files</Filter>
    </ClCompile>
    <ClCompile Include="Utility\CustomPlotUtility.cpp">
      <Filter>Source Files</Filter>
    </ClCompile>
    <ClCompile Include="Utility\CustomPlotColor.cpp">
      <Filter>Source Files</Filter>
    </ClCompile>
    <ClCompile Include="Utility\SoapTextElement.cpp">
      <Filter>Source Files</Filter>
    </ClCompile>
    <ClCompile Include="Utility\PlotUtility.cpp">
      <Filter>Source Files</Filter>
    </ClCompile>
    <ClCompile Include="Worker\Monocle3Worker.cpp">
      <Filter>Source Files</Filter>
    </ClCompile>
    <ClCompile Include="Math\Louvain.cpp">
      <Filter>Source Files</Filter>
    </ClCompile>
    <ClCompile Include="Variable\NumericMatrix.cpp">
      <Filter>Source Files</Filter>
    </ClCompile>
    <ClCompile Include="Item\NumericMatrixItem.cpp">
      <Filter>Source Files</Filter>
    </ClCompile>
    <ClCompile Include="Worker\CellTypeAnnotationWorker.cpp">
      <Filter>Source Files</Filter>
    </ClCompile>
    <ClCompile Include="Item\DenseDoubleItem.cpp">
      <Filter>Source Files</Filter>
    </ClCompile>
    <ClCompile Include="Variable\Monocle3.cpp">
      <Filter>Source Files</Filter>
    </ClCompile>
    <ClCompile Include="Item\Monocle3Item.cpp">
      <Filter>Source Files</Filter>
    </ClCompile>
    <ClCompile Include="GUI\Monocle3ChooseRootDialog.cpp">
      <Filter>Source Files</Filter>
    </ClCompile>
    <ClCompile Include="GUI\ChooseColorLayout.cpp">
      <Filter>Source Files</Filter>
    </ClCompile>
    <ClCompile Include="GUI\ChooseOpenFileLayout.cpp">
      <Filter>Source Files</Filter>
    </ClCompile>
    <ClCompile Include="Worker\ChromVarWorker.cpp">
      <Filter>Source Files</Filter>
    </ClCompile>
    <ClCompile Include="Variable\ChromVar.cpp">
      <Filter>Source Files</Filter>
    </ClCompile>
    <ClCompile Include="Item\ChromVarItem.cpp">
      <Filter>Source Files</Filter>
    </ClCompile>
    <ClCompile Include="Worker\SimpleUmapWorker.cpp">
      <Filter>Source Files</Filter>
    </ClCompile>
    <ClCompile Include="Worker\CountMatrixBatchLoadingWorker.cpp">
      <Filter>Source Files</Filter>
    </ClCompile>
    <ClCompile Include="Worker\CiceroWorker.cpp">
      <Filter>Source Files</Filter>
    </ClCompile>
    <ClCompile Include="Math\glasso.cpp">
      <Filter>Source Files</Filter>
    </ClCompile>
    <ClCompile Include="Variable\Cicero.cpp">
      <Filter>Source Files</Filter>
    </ClCompile>
    <ClCompile Include="Item\CiceroItem.cpp">
      <Filter>Source Files</Filter>
    </ClCompile>
    <ClCompile Include="Math\dqrdc2.cpp">
      <Filter>Source Files</Filter>
    </ClCompile>
    <ClCompile Include="Math\glm.cpp">
      <Filter>Source Files</Filter>
    </ClCompile>
    <ClCompile Include="Math\chol2inv.cpp">
      <Filter>Source Files</Filter>
    </ClCompile>
    <ClCompile Include="Math\lm.cpp">
      <Filter>Source Files</Filter>
    </ClCompile>
    <ClCompile Include="Utility\CustomPlotObject.cpp">
      <Filter>Source Files</Filter>
    </ClCompile>
    <ClCompile Include="Worker\SingleCellRnaCreateWorker.cpp">
      <Filter>Source Files</Filter>
    </ClCompile>
    <ClCompile Include="Utility\LogicHandler.cpp">
      <Filter>Source Files</Filter>
    </ClCompile>
    <ClCompile Include="Utility\SoapGUI.cpp">
      <Filter>Source Files</Filter>
    </ClCompile>
    <ClCompile Include="Math\AlphaShape.cpp">
      <Filter>Source Files</Filter>
    </ClCompile>
    <ClCompile Include="Worker\AtacLandscapePlotWorker.cpp">
      <Filter>Source Files</Filter>
    </ClCompile>
    <ClCompile Include="Worker\LoadAtacFromFragmentsWorker.cpp">
      <Filter>Source Files</Filter>
    </ClCompile>
    <ClCompile Include="Variable\SingleCellAtac.cpp">
      <Filter>Source Files</Filter>
    </ClCompile>
    <ClCompile Include="Item\SingleCellAtacItem.cpp">
      <Filter>Source Files</Filter>
    </ClCompile>
    <ClCompile Include="Utility\ViolinPlot.cpp">
      <Filter>Source Files</Filter>
    </ClCompile>
    <ClCompile Include="Utility\FeatureHandler.cpp">
      <Filter>Source Files</Filter>
    </ClCompile>
    <ClCompile Include="Utility\VcfProcessor.cpp">
      <Filter>Source Files</Filter>
    </ClCompile>
    <ClCompile Include="Utility\StringSplitView.cpp">
      <Filter>Source Files</Filter>
    </ClCompile>
    <ClCompile Include="Utility\CustomDebug.cpp">
      <Filter>Source Files</Filter>
    </ClCompile>
    <ClCompile Include="Worker\ScentWorker.cpp">
      <Filter>Source Files</Filter>
    </ClCompile>
    <ClCompile Include="Database\ItemDatabase.cpp">
      <Filter>Source Files</Filter>
    </ClCompile>
    <ClCompile Include="Database\CellChatDatabase.cpp">
      <Filter>Source Files</Filter>
    </ClCompile>
    <ClCompile Include="Database\CellMarkerDatabase.cpp">
      <Filter>Source Files</Filter>
    </ClCompile>
    <ClCompile Include="Database\EnrichmentDatabase.cpp">
      <Filter>Source Files</Filter>
    </ClCompile>
    <ClCompile Include="Variable\BulkRna.cpp">
      <Filter>Source Files</Filter>
    </ClCompile>
    <ClCompile Include="Item\BulkRnaItem.cpp">
      <Filter>Source Files</Filter>
    </ClCompile>
    <ClCompile Include="Item\DenseIntItem.cpp">
      <Filter>Source Files</Filter>
    </ClCompile>
    <ClCompile Include="Worker\RnaNormalizeWorker.cpp">
      <Filter>Source Files</Filter>
    </ClCompile>
    <ClCompile Include="Worker\PcaWorker2.cpp">
      <Filter>Source Files</Filter>
    </ClCompile>
    <ClCompile Include="Utility\Serialization.cpp">
      <Filter>Source Files</Filter>
    </ClCompile>
    <ClCompile Include="GUI\ChooseSaveFileLayout.cpp">
      <Filter>Source Files</Filter>
    </ClCompile>
  </ItemGroup>
  <ItemGroup>
    <QtMoc Include="GUI\MultipleLineEditLayout.h">
      <Filter>Header Files</Filter>
    </QtMoc>
    <QtMoc Include="GUI\CellMarkerTreeWidget.h">
      <Filter>Header Files</Filter>
    </QtMoc>
    <QtMoc Include="GUI\CommonDialog.h">
      <Filter>Header Files</Filter>
    </QtMoc>
    <QtMoc Include="GUI\EmbeddingViewWindow.h">
      <Filter>Header Files</Filter>
    </QtMoc>
    <QtMoc Include="Utility\SignalEmitter.h">
      <Filter>Header Files</Filter>
    </QtMoc>
    <QtMoc Include="GUI\FactorChoiceLayout.h">
      <Filter>Header Files</Filter>
    </QtMoc>
    <QtMoc Include="GUI\GraphSettingDialog.h">
      <Filter>Header Files</Filter>
    </QtMoc>
    <QtMoc Include="GUI\InformationTextBrowser.h">
      <Filter>Header Files</Filter>
    </QtMoc>
    <QtMoc Include="GUI\LogicGroup.h">
      <Filter>Header Files</Filter>
    </QtMoc>
    <QtMoc Include="GUI\LogicLayout.h">
      <Filter>Header Files</Filter>
    </QtMoc>
    <QtMoc Include="GUI\MarkerGeneWindow.h">
      <Filter>Header Files</Filter>
    </QtMoc>
    <QtMoc Include="GUI\MatrixWindow.h">
      <Filter>Header Files</Filter>
    </QtMoc>
    <QtMoc Include="GUI\MetadataViewWindow.h">
      <Filter>Header Files</Filter>
    </QtMoc>
    <QtMoc Include="GUI\PlotWindow.h">
      <Filter>Header Files</Filter>
    </QtMoc>
    <QtMoc Include="GUI\SimpleChoiceLayout.h">
      <Filter>Header Files</Filter>
    </QtMoc>
    <QtMoc Include="GUI\SubLogicLayout.h">
      <Filter>Header Files</Filter>
    </QtMoc>
    <QtMoc Include="GUI\Switch.h">
      <Filter>Header Files</Filter>
    </QtMoc>
    <QtMoc Include="GUI\VariableTreeWidget.h">
      <Filter>Header Files</Filter>
    </QtMoc>
    <QtMoc Include="GUI\YesOrNoDialog.h">
      <Filter>Header Files</Filter>
    </QtMoc>
    <QtMoc Include="Worker\CellChatWorker.h">
      <Filter>Header Files</Filter>
    </QtMoc>
    <QtMoc Include="Worker\CountMatrixReadingWorker.h">
      <Filter>Header Files</Filter>
    </QtMoc>
    <QtMoc Include="Worker\EnrichWorker.h">
      <Filter>Header Files</Filter>
    </QtMoc>
    <QtMoc Include="Worker\TableReadingWorker.h">
      <Filter>Header Files</Filter>
    </QtMoc>
    <QtMoc Include="Worker\FileWritingWorker.h">
      <Filter>Header Files</Filter>
    </QtMoc>
    <QtMoc Include="Worker\DifferentialAnalysisWorker.h">
      <Filter>Header Files</Filter>
    </QtMoc>
    <QtMoc Include="Worker\GseaWorker.h">
      <Filter>Header Files</Filter>
    </QtMoc>
    <QtMoc Include="Worker\HarmonyWorker.h">
      <Filter>Header Files</Filter>
    </QtMoc>
    <QtMoc Include="Worker\IntegrateWorker.h">
      <Filter>Header Files</Filter>
    </QtMoc>
    <QtMoc Include="Worker\ItemIOWorker.h">
      <Filter>Header Files</Filter>
    </QtMoc>
    <QtMoc Include="Worker\LogNormalizeWorker.h">
      <Filter>Header Files</Filter>
    </QtMoc>
    <QtMoc Include="Worker\Read10xRnaWorker.h">
      <Filter>Header Files</Filter>
    </QtMoc>
    <QtMoc Include="Worker\ScicnvWorker.h">
      <Filter>Header Files</Filter>
    </QtMoc>
    <QtMoc Include="Worker\ScrubletWorker.h">
      <Filter>Header Files</Filter>
    </QtMoc>
    <QtMoc Include="Worker\PcaWorker.h">
      <Filter>Header Files</Filter>
    </QtMoc>
    <QtMoc Include="Worker\UmapWorker.h">
      <Filter>Header Files</Filter>
    </QtMoc>
    <QtMoc Include="Worker\MacsCallPeakWorker.h">
      <Filter>Header Files</Filter>
    </QtMoc>
    <QtMoc Include="Worker\Read10xRnaAndAtacWorker.h">
      <Filter>Header Files</Filter>
    </QtMoc>
    <QtMoc Include="GUI\PlotsSuite.h">
      <Filter>Header Files</Filter>
    </QtMoc>
    <QtMoc Include="GUI\MainWindow.h">
      <Filter>Header Files</Filter>
    </QtMoc>
    <QtMoc Include="GUI\FactorChoiceWithLineEditLayout.h">
      <Filter>Header Files</Filter>
    </QtMoc>
    <QtMoc Include="GUI\FactorDoubleLineEditWithCompleterLayout.h">
      <Filter>Header Files</Filter>
    </QtMoc>
    <QtMoc Include="GUI\MultipleDoubleLineEditWithCompleterLayout.h">
      <Filter>Header Files</Filter>
    </QtMoc>
    <QtMoc Include="GUI\SimpleChoiceWithLineEditAndColorChoiceLayout.h">
      <Filter>Header Files</Filter>
    </QtMoc>
    <QtMoc Include="GUI\SimpleChoiceWithLineEditLayout.h">
      <Filter>Header Files</Filter>
    </QtMoc>
    <QtMoc Include="Worker\CalculateCountsByGenomicRangeWorker.h">
      <Filter>Header Files</Filter>
    </QtMoc>
    <QtMoc Include="Worker\MotifLocateWorker.h">
      <Filter>Header Files</Filter>
    </QtMoc>
    <QtMoc Include="Worker\TranscriptionalFactorFootprintingWorker.h">
      <Filter>Header Files</Filter>
    </QtMoc>
    <QtMoc Include="Worker\CoveragePlotWorker.h">
      <Filter>Header Files</Filter>
    </QtMoc>
    <QtMoc Include="Worker\CreateCoverageTrackWorker.h">
      <Filter>Header Files</Filter>
    </QtMoc>
    <QtMoc Include="GUI\CoverageTrackWindow.h">
      <Filter>Header Files</Filter>
    </QtMoc>
    <QtMoc Include="Worker\SlmWorker.h">
      <Filter>Header Files</Filter>
    </QtMoc>
    <QtMoc Include="Worker\LoadFragmentsWorker.h">
      <Filter>Header Files</Filter>
    </QtMoc>
    <QtMoc Include="Worker\FragmentsQualityViewWorker.h">
      <Filter>Header Files</Filter>
    </QtMoc>
    <QtMoc Include="Worker\LeidenPartitionWorker.h">
      <Filter>Header Files</Filter>
    </QtMoc>
    <QtMoc Include="Worker\TssPlotWorker.h">
      <Filter>Header Files</Filter>
    </QtMoc>
    <QtMoc Include="GUI\MultiLineEditWithColorChoiceLayout.h">
      <Filter>Header Files</Filter>
    </QtMoc>
    <QtMoc Include="GUI\PaletteSettingDialog.h">
      <Filter>Header Files</Filter>
    </QtMoc>
    <QtMoc Include="GUI\StatisticsDialog.h">
      <Filter>Header Files</Filter>
    </QtMoc>
    <QtMoc Include="Worker\CalculateGeneActivityWorker.h">
      <Filter>Header Files</Filter>
    </QtMoc>
    <QtMoc Include="Worker\VelocytoWorker.h">
      <Filter>Header Files</Filter>
    </QtMoc>
    <QtMoc Include="Worker\ScveloWorker.h">
      <Filter>Header Files</Filter>
    </QtMoc>
    <QtMoc Include="Worker\VelocytoDownstreamWorker.h">
      <Filter>Header Files</Filter>
    </QtMoc>
    <QtMoc Include="Worker\ShowEmbeddingVelocityWorker.h">
      <Filter>Header Files</Filter>
    </QtMoc>
    <QtMoc Include="Library\qcustomplot.h">
      <Filter>Header Files</Filter>
    </QtMoc>
    <QtMoc Include="Worker\ShowEmbeddingScveloWorker.h">
      <Filter>Header Files</Filter>
    </QtMoc>
    <QtMoc Include="Worker\TfidfWorker.h">
      <Filter>Header Files</Filter>
    </QtMoc>
    <QtMoc Include="Worker\SvdWorker.h">
      <Filter>Header Files</Filter>
    </QtMoc>
    <QtMoc Include="Worker\InferCnvWorker.h">
      <Filter>Header Files</Filter>
    </QtMoc>
    <QtMoc Include="GUI\MultipleLineEditWithCompleterLayout.h">
      <Filter>Header Files</Filter>
    </QtMoc>
    <QtMoc Include="Worker\TsneWorker.h">
      <Filter>Header Files</Filter>
    </QtMoc>
    <QtMoc Include="Worker\PandoWorker.h">
      <Filter>Header Files</Filter>
    </QtMoc>
    <QtMoc Include="Utility\SoapTextElement.h">
      <Filter>Header Files</Filter>
    </QtMoc>
    <QtMoc Include="Worker\Monocle3Worker.h">
      <Filter>Header Files</Filter>
    </QtMoc>
    <QtMoc Include="Worker\CellTypeAnnotationWorker.h">
      <Filter>Header Files</Filter>
    </QtMoc>
    <QtMoc Include="Worker\ChromVarWorker.h">
      <Filter>Header Files</Filter>
    </QtMoc>
    <QtMoc Include="Worker\SimpleUmapWorker.h">
      <Filter>Header Files</Filter>
    </QtMoc>
    <QtMoc Include="Worker\CountMatrixBatchLoadingWorker.h">
      <Filter>Header Files</Filter>
    </QtMoc>
    <QtMoc Include="Worker\CiceroWorker.h">
      <Filter>Header Files</Filter>
    </QtMoc>
    <QtMoc Include="Worker\SingleCellRnaCreateWorker.h">
      <Filter>Header Files</Filter>
    </QtMoc>
    <QtMoc Include="Worker\AtacLandscapePlotWorker.h">
      <Filter>Header Files</Filter>
    </QtMoc>
    <QtMoc Include="Worker\LoadAtacFromFragmentsWorker.h">
      <Filter>Header Files</Filter>
    </QtMoc>
    <QtMoc Include="Worker\ScentWorker.h">
      <Filter>Header Files</Filter>
    </QtMoc>
    <QtMoc Include="Worker\RnaNormalizeWorker.h">
      <Filter>Header Files</Filter>
    </QtMoc>
    <QtMoc Include="Worker\PcaWorker2.h">
      <Filter>Header Files</Filter>
    </QtMoc>
  </ItemGroup>
  <ItemGroup>
    <ClInclude Include="Math\Nls.h">
      <Filter>Header Files</Filter>
    </ClInclude>
    <ClInclude Include="Math\Phyper.h">
      <Filter>Header Files</Filter>
    </ClInclude>
    <ClInclude Include="Math\TruncatedSvd.h">
      <Filter>Header Files</Filter>
    </ClInclude>
    <ClInclude Include="Math\Umap.h">
      <Filter>Header Files</Filter>
    </ClInclude>
    <ClInclude Include="Math\WilcoxTest.h">
      <Filter>Header Files</Filter>
    </ClInclude>
    <ClInclude Include="Utility\Custom.h">
      <Filter>Header Files</Filter>
    </ClInclude>
    <ClInclude Include="Utility\CustomMatrix.h">
      <Filter>Header Files</Filter>
    </ClInclude>
    <ClInclude Include="Utility\CustomPlot.h">
      <Filter>Header Files</Filter>
    </ClInclude>
    <ClInclude Include="Utility\FileIO.h">
      <Filter>Header Files</Filter>
    </ClInclude>
    <ClInclude Include="Utility\GraphSettings.h">
      <Filter>Header Files</Filter>
    </ClInclude>
    <ClInclude Include="Utility\Identifier.h">
      <Filter>Header Files</Filter>
    </ClInclude>
    <ClInclude Include="Variable\CellChat.h">
      <Filter>Header Files</Filter>
    </ClInclude>
    <ClInclude Include="Variable\CNV.h">
      <Filter>Header Files</Filter>
    </ClInclude>
    <ClInclude Include="Variable\DataFrame.h">
      <Filter>Header Files</Filter>
    </ClInclude>
    <ClInclude Include="Variable\DenseDouble.h">
      <Filter>Header Files</Filter>
    </ClInclude>
    <ClInclude Include="Variable\Embedding.h">
      <Filter>Header Files</Filter>
    </ClInclude>
    <ClInclude Include="Variable\Enrichment.h">
      <Filter>Header Files</Filter>
    </ClInclude>
    <ClInclude Include="Variable\GSEA.h">
      <Filter>Header Files</Filter>
    </ClInclude>
    <ClInclude Include="Variable\Metadata.h">
      <Filter>Header Files</Filter>
    </ClInclude>
    <ClInclude Include="Variable\SingleCellRna.h">
      <Filter>Header Files</Filter>
    </ClInclude>
    <ClInclude Include="Variable\SparseDouble.h">
      <Filter>Header Files</Filter>
    </ClInclude>
    <ClInclude Include="Variable\SparseInt.h">
      <Filter>Header Files</Filter>
    </ClInclude>
    <ClInclude Include="resource.h">
      <Filter>Header Files</Filter>
    </ClInclude>
    <ClInclude Include="GUI\ChooseMultiFileLayout.h">
      <Filter>Header Files</Filter>
    </ClInclude>
    <ClInclude Include="GUI\EnrichmentMultiGroupPlotDialog.h">
      <Filter>Header Files</Filter>
    </ClInclude>
    <ClInclude Include="GUI\EnrichmentGroupLayout.h">
      <Filter>Header Files</Filter>
    </ClInclude>
    <ClInclude Include="GUI\PageWindow.h">
      <Filter>Header Files</Filter>
    </ClInclude>
    <ClInclude Include="GUI\MessageDialog.h">
      <Filter>Header Files</Filter>
    </ClInclude>
    <ClInclude Include="Math\Poisson.h">
      <Filter>Header Files</Filter>
    </ClInclude>
    <ClInclude Include="Variable\GenomicRange.h">
      <Filter>Header Files</Filter>
    </ClInclude>
    <ClInclude Include="Variable\IRange.h">
      <Filter>Header Files</Filter>
    </ClInclude>
    <ClInclude Include="Variable\RunLengthEncoding.h">
      <Filter>Header Files</Filter>
    </ClInclude>
    <ClInclude Include="Variable\SeqInfo.h">
      <Filter>Header Files</Filter>
    </ClInclude>
    <ClInclude Include="Variable\SingleCellMultiome.h">
      <Filter>Header Files</Filter>
    </ClInclude>
    <ClInclude Include="Utility\soapMacros.h">
      <Filter>Header Files</Filter>
    </ClInclude>
    <ClInclude Include="Utility\soapNamespace.h">
      <Filter>Header Files</Filter>
    </ClInclude>
    <ClInclude Include="Utility\soapConstVariable.h">
      <Filter>Header Files</Filter>
    </ClInclude>
    <ClInclude Include="Library\annoylib.h">
      <Filter>Header Files</Filter>
    </ClInclude>
    <ClInclude Include="Library\kissrandom.h">
      <Filter>Header Files</Filter>
    </ClInclude>
    <ClInclude Include="Library\mman.h">
      <Filter>Header Files</Filter>
    </ClInclude>
    <ClInclude Include="Utility\TwoBitFileProcessor.h">
      <Filter>Header Files</Filter>
    </ClInclude>
    <ClInclude Include="Variable\PatternWeightMatrix.h">
      <Filter>Header Files</Filter>
    </ClInclude>
    <ClInclude Include="Library\MOODS\match_types.h">
      <Filter>Header Files</Filter>
    </ClInclude>
    <ClInclude Include="Library\MOODS\moods.h">
      <Filter>Header Files</Filter>
    </ClInclude>
    <ClInclude Include="Library\MOODS\moods_misc.h">
      <Filter>Header Files</Filter>
    </ClInclude>
    <ClInclude Include="Library\MOODS\moods_parsers.h">
      <Filter>Header Files</Filter>
    </ClInclude>
    <ClInclude Include="Library\MOODS\moods_scan.h">
      <Filter>Header Files</Filter>
    </ClInclude>
    <ClInclude Include="Library\MOODS\moods_tools.h">
      <Filter>Header Files</Filter>
    </ClInclude>
    <ClInclude Include="Library\MOODS\motif.h">
      <Filter>Header Files</Filter>
    </ClInclude>
    <ClInclude Include="Library\MOODS\scanner.h">
      <Filter>Header Files</Filter>
    </ClInclude>
    <ClInclude Include="Library\MOODS\moods_interface.h">
      <Filter>Header Files</Filter>
    </ClInclude>
    <ClInclude Include="Variable\MotifPosition.h">
      <Filter>Header Files</Filter>
    </ClInclude>
    <ClInclude Include="Utility\GenomeUtility.h">
      <Filter>Header Files</Filter>
    </ClInclude>
    <ClInclude Include="Variable\DenseInt.h">
      <Filter>Header Files</Filter>
    </ClInclude>
    <ClInclude Include="Variable\Footprint.h">
      <Filter>Header Files</Filter>
    </ClInclude>
    <ClInclude Include="Variable\CoverageTrack.h">
      <Filter>Header Files</Filter>
    </ClInclude>
    <ClInclude Include="Math\SLM\VOSClusteringTechnique.h">
      <Filter>Header Files</Filter>
    </ClInclude>
    <ClInclude Include="Math\SLM\NetWork.h">
      <Filter>Header Files</Filter>
    </ClInclude>
    <ClInclude Include="Math\SLM\Clustering.h">
      <Filter>Header Files</Filter>
    </ClInclude>
    <ClInclude Include="Variable\SparseVector.h">
      <Filter>Header Files</Filter>
    </ClInclude>
    <ClInclude Include="Variable\Fragments.h">
      <Filter>Header Files</Filter>
    </ClInclude>
    <ClInclude Include="Utility\CustomTypeTraits.h">
      <Filter>Header Files</Filter>
    </ClInclude>
    <ClInclude Include="Utility\CustomTemplates.h">
      <Filter>Header Files</Filter>
    </ClInclude>
    <ClInclude Include="Utility\CustomFunctions.h">
      <Filter>Header Files</Filter>
    </ClInclude>
    <ClInclude Include="Library\leiden\CPMVertexPartition.h">
      <Filter>Header Files</Filter>
    </ClInclude>
    <ClInclude Include="Library\leiden\GraphHelper.h">
      <Filter>Header Files</Filter>
    </ClInclude>
    <ClInclude Include="Library\leiden\LinearResolutionParameterVertexPartition.h">
      <Filter>Header Files</Filter>
    </ClInclude>
    <ClInclude Include="Library\leiden\ModularityVertexPartition.h">
      <Filter>Header Files</Filter>
    </ClInclude>
    <ClInclude Include="Library\leiden\MutableVertexPartition.h">
      <Filter>Header Files</Filter>
    </ClInclude>
    <ClInclude Include="Library\leiden\Optimiser.h">
      <Filter>Header Files</Filter>
    </ClInclude>
    <ClInclude Include="Library\leiden\RBConfigurationVertexPartition.h">
      <Filter>Header Files</Filter>
    </ClInclude>
    <ClInclude Include="Library\leiden\RBERVertexPartition.h">
      <Filter>Header Files</Filter>
    </ClInclude>
    <ClInclude Include="Library\leiden\ResolutionParameterVertexPartition.h">
      <Filter>Header Files</Filter>
    </ClInclude>
    <ClInclude Include="Library\leiden\SignificanceVertexPartition.h">
      <Filter>Header Files</Filter>
    </ClInclude>
    <ClInclude Include="Library\leiden\SurpriseVertexPartition.h">
      <Filter>Header Files</Filter>
    </ClInclude>
    <ClInclude Include="Utility\IndexTree.h">
      <Filter>Header Files</Filter>
    </ClInclude>
    <ClInclude Include="Database\CellMarkerDatabase\CellMarkerDatabase.h">
      <Filter>Header Files</Filter>
    </ClInclude>
    <ClInclude Include="Database\EnrichmentDatabase\EnrichmentDatabase.h">
      <Filter>Header Files</Filter>
    </ClInclude>
    <ClInclude Include="Variable\TranscriptModel.h">
      <Filter>Header Files</Filter>
    </ClInclude>
    <ClInclude Include="Utility\BamFileProcessor.h">
      <Filter>Header Files</Filter>
    </ClInclude>
    <ClInclude Include="Variable\VelocytoBase.h">
      <Filter>Header Files</Filter>
    </ClInclude>
    <ClInclude Include="Variable\VelocityEstimate.h">
      <Filter>Header Files</Filter>
    </ClInclude>
    <ClInclude Include="Variable\ScveloEstimate.h">
      <Filter>Header Files</Filter>
    </ClInclude>
    <ClInclude Include="Utility\StreamPlot.h">
      <Filter>Header Files</Filter>
    </ClInclude>
    <ClInclude Include="Utility\soapFileName.h">
      <Filter>Header Files</Filter>
    </ClInclude>
    <ClInclude Include="Utility\soapMetadataName.h">
      <Filter>Header Files</Filter>
    </ClInclude>
    <ClInclude Include="Utility\soapVariableName.h">
      <Filter>Header Files</Filter>
    </ClInclude>
    <ClInclude Include="Utility\soapMacroFunction.h">
      <Filter>Header Files</Filter>
    </ClInclude>
    <ClInclude Include="GUI\TextEditWindow.h">
      <Filter>Header Files</Filter>
    </ClInclude>
    <ClInclude Include="GUI\MultiCheckBoxLayout.h">
      <Filter>Header Files</Filter>
    </ClInclude>
    <ClInclude Include="Variable\StringVector.h">
      <Filter>Header Files</Filter>
    </ClInclude>
    <ClInclude Include="Math\SignRank.h">
      <Filter>Header Files</Filter>
    </ClInclude>
    <ClInclude Include="Math\pval.h">
      <Filter>Header Files</Filter>
    </ClInclude>
    <ClInclude Include="Variable\GeneName.h">
      <Filter>Header Files</Filter>
    </ClInclude>
    <ClInclude Include="GUI\CompareLayout.h">
      <Filter>Header Files</Filter>
    </ClInclude>
    <ClInclude Include="Variable\DataField.h">
      <Filter>Header Files</Filter>
    </ClInclude>
    <ClInclude Include="Math\TSNE\SPTree.h">
      <Filter>Header Files</Filter>
    </ClInclude>
    <ClInclude Include="Math\TSNE\Tsne.h">
      <Filter>Header Files</Filter>
    </ClInclude>
    <ClInclude Include="Math\TSNE\DataPoint.h">
      <Filter>Header Files</Filter>
    </ClInclude>
    <ClInclude Include="Math\TSNE\VPTree.h">
      <Filter>Header Files</Filter>
    </ClInclude>
    <ClInclude Include="Utility\GenomeIndex.h">
      <Filter>Header Files</Filter>
    </ClInclude>
    <ClInclude Include="Variable\Pando.h">
      <Filter>Header Files</Filter>
    </ClInclude>
    <ClInclude Include="Variable\DifferentialAnalysis.h">
      <Filter>Header Files</Filter>
    </ClInclude>
    <ClInclude Include="Item\PandoItem.h">
      <Filter>Header Files</Filter>
    </ClInclude>
    <ClInclude Include="Item\VelocityEstimateItem.h">
      <Filter>Header Files</Filter>
    </ClInclude>
    <ClInclude Include="Item\VelocytoBaseItem.h">
      <Filter>Header Files</Filter>
    </ClInclude>
    <ClInclude Include="Item\StringVectorItem.h">
      <Filter>Header Files</Filter>
    </ClInclude>
    <ClInclude Include="Item\SparseIntItem.h">
      <Filter>Header Files</Filter>
    </ClInclude>
    <ClInclude Include="Item\SparseDoubleItem.h">
      <Filter>Header Files</Filter>
    </ClInclude>
    <ClInclude Include="Item\SingleCellRnaItem.h">
      <Filter>Header Files</Filter>
    </ClInclude>
    <ClInclude Include="Item\SingleCellMultiomeItem.h">
      <Filter>Header Files</Filter>
    </ClInclude>
    <ClInclude Include="Item\ScveloEstimateItem.h">
      <Filter>Header Files</Filter>
    </ClInclude>
    <ClInclude Include="Item\NoteItem.h">
      <Filter>Header Files</Filter>
    </ClInclude>
    <ClInclude Include="Item\MotifPositionItem.h">
      <Filter>Header Files</Filter>
    </ClInclude>
    <ClInclude Include="Item\MetadataItem.h">
      <Filter>Header Files</Filter>
    </ClInclude>
    <ClInclude Include="Item\GSEAItem.h">
      <Filter>Header Files</Filter>
    </ClInclude>
    <ClInclude Include="Item\GenomicRangeItem.h">
      <Filter>Header Files</Filter>
    </ClInclude>
    <ClInclude Include="Item\GeneNameItem.h">
      <Filter>Header Files</Filter>
    </ClInclude>
    <ClInclude Include="Item\FragmentsItem.h">
      <Filter>Header Files</Filter>
    </ClInclude>
    <ClInclude Include="Item\FootprintItem.h">
      <Filter>Header Files</Filter>
    </ClInclude>
    <ClInclude Include="Item\EnrichmentItem.h">
      <Filter>Header Files</Filter>
    </ClInclude>
    <ClInclude Include="Item\EmbeddingItem.h">
      <Filter>Header Files</Filter>
    </ClInclude>
    <ClInclude Include="Item\DifferentialAnalysisItem.h">
      <Filter>Header Files</Filter>
    </ClInclude>
    <ClInclude Include="Item\DataFrameItem.h">
      <Filter>Header Files</Filter>
    </ClInclude>
    <ClInclude Include="Item\DataFieldItem.h">
      <Filter>Header Files</Filter>
    </ClInclude>
    <ClInclude Include="Item\CoverageTrackItem.h">
      <Filter>Header Files</Filter>
    </ClInclude>
    <ClInclude Include="Item\CNVItem.h">
      <Filter>Header Files</Filter>
    </ClInclude>
    <ClInclude Include="Item\CellChatItem.h">
      <Filter>Header Files</Filter>
    </ClInclude>
    <ClInclude Include="Item\VariableItem.h">
      <Filter>Header Files</Filter>
    </ClInclude>
    <ClInclude Include="Utility\CustomPlotPatch.h">
      <Filter>Header Files</Filter>
    </ClInclude>
    <ClInclude Include="Utility\CustomPlotUtility.h">
      <Filter>Header Files</Filter>
    </ClInclude>
    <ClInclude Include="Utility\CustomPlotColor.h">
      <Filter>Header Files</Filter>
    </ClInclude>
    <ClInclude Include="Utility\PlotUtility.h">
      <Filter>Header Files</Filter>
    </ClInclude>
    <ClInclude Include="Math\Louvain.h">
      <Filter>Header Files</Filter>
    </ClInclude>
    <ClInclude Include="Variable\NumericMatrix.h">
      <Filter>Header Files</Filter>
    </ClInclude>
    <ClInclude Include="Item\NumericMatrixItem.h">
      <Filter>Header Files</Filter>
    </ClInclude>
    <ClInclude Include="Item\DenseDoubleItem.h">
      <Filter>Header Files</Filter>
    </ClInclude>
    <ClInclude Include="Variable\Monocle3.h">
      <Filter>Header Files</Filter>
    </ClInclude>
    <ClInclude Include="Item\Monocle3Item.h">
      <Filter>Header Files</Filter>
    </ClInclude>
    <ClInclude Include="GUI\Monocle3ChooseRootDialog.h">
      <Filter>Header Files</Filter>
    </ClInclude>
    <ClInclude Include="GUI\ChooseColorLayout.h">
      <Filter>Header Files</Filter>
    </ClInclude>
    <ClInclude Include="GUI\ChooseOpenFileLayout.h">
      <Filter>Header Files</Filter>
    </ClInclude>
    <ClInclude Include="Variable\ChromVar.h">
      <Filter>Header Files</Filter>
    </ClInclude>
    <ClInclude Include="Item\ChromVarItem.h">
      <Filter>Header Files</Filter>
    </ClInclude>
    <ClInclude Include="Math\glasso.h">
      <Filter>Header Files</Filter>
    </ClInclude>
    <ClInclude Include="Variable\Cicero.h">
      <Filter>Header Files</Filter>
    </ClInclude>
    <ClInclude Include="Item\CiceroItem.h">
      <Filter>Header Files</Filter>
    </ClInclude>
    <ClInclude Include="Math\dqrdc2.h">
      <Filter>Header Files</Filter>
    </ClInclude>
    <ClInclude Include="Math\glm.h">
      <Filter>Header Files</Filter>
    </ClInclude>
    <ClInclude Include="Math\chol2inv.h">
      <Filter>Header Files</Filter>
    </ClInclude>
    <ClInclude Include="Utility\SoapPhrase.h">
      <Filter>Header Files</Filter>
    </ClInclude>
    <ClInclude Include="Math\lm.h">
      <Filter>Header Files</Filter>
    </ClInclude>
    <ClInclude Include="Utility\CustomPlotObject.h">
      <Filter>Header Files</Filter>
    </ClInclude>
    <ClInclude Include="Utility\LogicHandler.h">
      <Filter>Header Files</Filter>
    </ClInclude>
    <ClInclude Include="Utility\SoapGUI.h">
      <Filter>Header Files</Filter>
    </ClInclude>
    <ClInclude Include="Math\AlphaShape.h">
      <Filter>Header Files</Filter>
    </ClInclude>
    <ClInclude Include="Variable\SingleCellAtac.h">
      <Filter>Header Files</Filter>
    </ClInclude>
    <ClInclude Include="Item\SingleCellAtacItem.h">
      <Filter>Header Files</Filter>
    </ClInclude>
    <ClInclude Include="Utility\SoapType.h">
      <Filter>Header Files</Filter>
    </ClInclude>
    <ClInclude Include="Utility\ViolinPlot.h">
      <Filter>Header Files</Filter>
    </ClInclude>
    <ClInclude Include="Utility\FeatureHandler.h">
      <Filter>Header Files</Filter>
    </ClInclude>
    <ClInclude Include="Utility\VcfProcessor.h">
      <Filter>Header Files</Filter>
    </ClInclude>
    <ClInclude Include="Utility\StringSplitView.h">
      <Filter>Header Files</Filter>
    </ClInclude>
    <ClInclude Include="Utility\CustomDebug.h">
      <Filter>Header Files</Filter>
    </ClInclude>
    <ClInclude Include="Database\ItemDatabase.h">
      <Filter>Header Files</Filter>
    </ClInclude>
    <ClInclude Include="Database\EnrichmentDatabase.h">
      <Filter>Header Files</Filter>
    </ClInclude>
    <ClInclude Include="Database\CellMarkerDatabase.h">
      <Filter>Header Files</Filter>
    </ClInclude>
    <ClInclude Include="Database\CellChatDatabase.h">
      <Filter>Header Files</Filter>
    </ClInclude>
    <ClInclude Include="Database\ItemDatabase\ItemDatabase.h">
      <Filter>Header Files</Filter>
    </ClInclude>
    <ClInclude Include="Variable\BulkRna.h">
      <Filter>Header Files</Filter>
    </ClInclude>
    <ClInclude Include="Item\BulkRnaItem.h">
      <Filter>Header Files</Filter>
    </ClInclude>
    <ClInclude Include="Item\DenseIntItem.h">
      <Filter>Header Files</Filter>
    </ClInclude>
    <ClInclude Include="Utility\Serialization.h">
      <Filter>Header Files</Filter>
    </ClInclude>
    <ClInclude Include="GUI\ChooseSaveFileLayout.h">
      <Filter>Header Files</Filter>
    </ClInclude>
    <ClInclude Include="Utility\GraphSettingsMacro.h">
      <Filter>Header Files</Filter>
    </ClInclude>
  </ItemGroup>
  <ItemGroup>
    <Image Include="icon1.ico">
      <Filter>Resource Files</Filter>
    </Image>
  </ItemGroup>
  <ItemGroup>
    <ResourceCompile Include="soap.rc">
      <Filter>Resource Files</Filter>
    </ResourceCompile>
  </ItemGroup>
  <ItemGroup>
    <QtUic Include="soap.ui">
      <Filter>Form Files</Filter>
    </QtUic>
  </ItemGroup>
</Project>